
Microsoft Visual Studio Solution File, Format Version 12.00
# Visual Studio Version 16
VisualStudioVersion = 16.0.32002.261
MinimumVisualStudioVersion = 10.0.40219.1
Project("{FAE04EC0-301F-11D3-BF4B-00C04F79EFBC}") = "OpenIDConnect2", "OpenIDConnect2\OpenIDConnect2.csproj", "{6FB896F6-A1BF-4FF1-BD5F-5F9187C03836}"
EndProject
Global
	GlobalSection(SolutionConfigurationPlatforms) = preSolution
		Debug|Any CPU = Debug|Any CPU
		Release|Any CPU = Release|Any CPU
	EndGlobalSection
	GlobalSection(ProjectConfigurationPlatforms) = postSolution
		{6FB896F6-A1BF-4FF1-BD5F-5F9187C03836}.Debug|Any CPU.ActiveCfg = Debug|Any CPU
		{6FB896F6-A1BF-4FF1-BD5F-5F9187C03836}.Debug|Any CPU.Build.0 = Debug|Any CPU
		{6FB896F6-A1BF-4FF1-BD5F-5F9187C03836}.Release|Any CPU.ActiveCfg = Release|Any CPU
		{6FB896F6-A1BF-4FF1-BD5F-5F9187C03836}.Release|Any CPU.Build.0 = Release|Any CPU
	EndGlobalSection
	GlobalSection(SolutionProperties) = preSolution
		HideSolutionNode = FALSE
	EndGlobalSection
	GlobalSection(ExtensibilityGlobals) = postSolution
		SolutionGuid = {7547FCBA-F241-4852-B67A-60AD18238D65}
	EndGlobalSection
EndGlobal
